<Solution>
  <Folder Name="/eng/">
    <Project Path="eng/Balls.BrowserHarness/Balls.BrowserHarness.csproj" />
    <Project Path="eng/Balls.Canary/Balls.Canary.csproj" />
    <Project Path="eng/Balls.Verify/Balls.Verify.csproj" />
  </Folder>
  <Folder Name="/src/">
    <Project Path="src/Balls.Cli/Balls.Cli.csproj" />
    <Project Path="src/Balls.Core/Balls.Core.csproj" />
    <Project Path="src/Balls.Daemon/Balls.Daemon.csproj" />
    <Project Path="src/Balls.Host/Balls.Host.csproj" />
    <Project Path="src/Balls.Platform/Balls.Platform.csproj" />
    <Project Path="src/Balls.Platform.Linux/Balls.Platform.Linux.csproj" />
    <Project Path="src/Balls.Platform.Windows/Balls.Platform.Windows.csproj" />
    <Project Path="src/Balls.Protocol/Balls.Protocol.csproj" />
    <Project Path="src/Balls.Storage.Sqlite/Balls.Storage.Sqlite.csproj" />
  </Folder>
  <Folder Name="/tests/">
    <Project Path="tests/Balls.Architecture.Tests/Balls.Architecture.Tests.csproj" />
    <Project Path="tests/Balls.Cli.Tests/Balls.Cli.Tests.csproj" />
    <Project Path="tests/Balls.Core.Tests/Balls.Core.Tests.csproj" />
    <Project Path="tests/Balls.Daemon.Tests/Balls.Daemon.Tests.csproj" />
    <Project Path="tests/Balls.Platform.Linux.Tests/Balls.Platform.Linux.Tests.csproj" />
    <Project Path="tests/Balls.Protocol.Tests/Balls.Protocol.Tests.csproj" />
    <Project Path="tests/Balls.Storage.Sqlite.Tests/Balls.Storage.Sqlite.Tests.csproj" />
    <Project Path="tests/Balls.Canary.Tests/Balls.Canary.Tests.csproj" />
    <Project Path="tests/Balls.Verify.Tests/Balls.Verify.Tests.csproj" />
  </Folder>
</Solution>
